
Microsoft Visual Studio Solution File, Format Version 12.00
# Visual Studio Version 17
VisualStudioVersion = 17.14.36408.4 d17.14
MinimumVisualStudioVersion = 10.0.40219.1
Project("{FAE04EC0-301F-11D3-BF4B-00C04F79EFBC}") = "TaskManagement.Domain", "TaskManagement.Domain\TaskManagement.Domain.csproj", "{B087604E-30A7-45E1-922E-D84182DFCB90}"
EndProject
Project("{FAE04EC0-301F-11D3-BF4B-00C04F79EFBC}") = "TaskManagement.Application", "TaskManagement.Application\TaskManagement.Application.csproj", "{9AAED7BD-219A-495E-B623-A2DCC90A217B}"
EndProject
Project("{FAE04EC0-301F-11D3-BF4B-00C04F79EFBC}") = "TaskManagement.Infrastructure", "TaskManagement.Infrastructure\TaskManagement.Infrastructure.csproj", "{2293039A-D4B5-434D-84DA-346850F1D458}"
EndProject
Project("{FAE04EC0-301F-11D3-BF4B-00C04F79EFBC}") = "TaskManagement.Web", "TaskManagement.Web\TaskManagement.Web.csproj", "{41578293-BF79-4E22-87A2-ADE3D6C7BD0D}"
EndProject
Global
	GlobalSection(SolutionConfigurationPlatforms) = preSolution
		Debug|Any CPU = Debug|Any CPU
		Release|Any CPU = Release|Any CPU
	EndGlobalSection
	GlobalSection(ProjectConfigurationPlatforms) = postSolution
		{B087604E-30A7-45E1-922E-D84182DFCB90}.Debug|Any CPU.ActiveCfg = Debug|Any CPU
		{B087604E-30A7-45E1-922E-D84182DFCB90}.Debug|Any CPU.Build.0 = Debug|Any CPU
		{B087604E-30A7-45E1-922E-D84182DFCB90}.Release|Any CPU.ActiveCfg = Release|Any CPU
		{B087604E-30A7-45E1-922E-D84182DFCB90}.Release|Any CPU.Build.0 = Release|Any CPU
		{9AAED7BD-219A-495E-B623-A2DCC90A217B}.Debug|Any CPU.ActiveCfg = Debug|Any CPU
		{9AAED7BD-219A-495E-B623-A2DCC90A217B}.Debug|Any CPU.Build.0 = Debug|Any CPU
		{9AAED7BD-219A-495E-B623-A2DCC90A217B}.Release|Any CPU.ActiveCfg = Release|Any CPU
		{9AAED7BD-219A-495E-B623-A2DCC90A217B}.Release|Any CPU.Build.0 = Release|Any CPU
		{2293039A-D4B5-434D-84DA-346850F1D458}.Debug|Any CPU.ActiveCfg = Debug|Any CPU
		{2293039A-D4B5-434D-84DA-346850F1D458}.Debug|Any CPU.Build.0 = Debug|Any CPU
		{2293039A-D4B5-434D-84DA-346850F1D458}.Release|Any CPU.ActiveCfg = Release|Any CPU
		{2293039A-D4B5-434D-84DA-346850F1D458}.Release|Any CPU.Build.0 = Release|Any CPU
		{41578293-BF79-4E22-87A2-ADE3D6C7BD0D}.Debug|Any CPU.ActiveCfg = Debug|Any CPU
		{41578293-BF79-4E22-87A2-ADE3D6C7BD0D}.Debug|Any CPU.Build.0 = Debug|Any CPU
		{41578293-BF79-4E22-87A2-ADE3D6C7BD0D}.Release|Any CPU.ActiveCfg = Release|Any CPU
		{41578293-BF79-4E22-87A2-ADE3D6C7BD0D}.Release|Any CPU.Build.0 = Release|Any CPU
	EndGlobalSection
	GlobalSection(SolutionProperties) = preSolution
		HideSolutionNode = FALSE
	EndGlobalSection
	GlobalSection(ExtensibilityGlobals) = postSolution
		SolutionGuid = {118C90C7-5728-42C1-87B2-88447A325469}
	EndGlobalSection
EndGlobal
